
Microsoft Visual Studio Solution File, Format Version 12.00
# Visual Studio 2013
VisualStudioVersion = 12.0.30723.0
MinimumVisualStudioVersion = 10.0.40219.1
Project("{FAE04EC0-301F-11D3-BF4B-00C04F79EFBC}") = "HelloBootstrap", "HelloBootstrap\HelloBootstrap.csproj", "{8E5986BA-7693-414C-B30F-9A318FEAAEAB}"
EndProject
Project("{FAE04EC0-301F-11D3-BF4B-00C04F79EFBC}") = "MusicStoreHtml", "MusicStoreHtml\MusicStoreHtml.csproj", "{BE2083F1-58A1-457B-9395-83F84F2C511E}"
EndProject
Global
	GlobalSection(SolutionConfigurationPlatforms) = preSolution
		Debug|Any CPU = Debug|Any CPU
		Release|Any CPU = Release|Any CPU
	EndGlobalSection
	GlobalSection(ProjectConfigurationPlatforms) = postSolution
		{8E5986BA-7693-414C-B30F-9A318FEAAEAB}.Debug|Any CPU.ActiveCfg = Debug|Any CPU
		{8E5986BA-7693-414C-B30F-9A318FEAAEAB}.Debug|Any CPU.Build.0 = Debug|Any CPU
		{8E5986BA-7693-414C-B30F-9A318FEAAEAB}.Release|Any CPU.ActiveCfg = Release|Any CPU
		{8E5986BA-7693-414C-B30F-9A318FEAAEAB}.Release|Any CPU.Build.0 = Release|Any CPU
		{BE2083F1-58A1-457B-9395-83F84F2C511E}.Debug|Any CPU.ActiveCfg = Debug|Any CPU
		{BE2083F1-58A1-457B-9395-83F84F2C511E}.Debug|Any CPU.Build.0 = Debug|Any CPU
		{BE2083F1-58A1-457B-9395-83F84F2C511E}.Release|Any CPU.ActiveCfg = Release|Any CPU
		{BE2083F1-58A1-457B-9395-83F84F2C511E}.Release|Any CPU.Build.0 = Release|Any CPU
	EndGlobalSection
	GlobalSection(SolutionProperties) = preSolution
		HideSolutionNode = FALSE
	EndGlobalSection
EndGlobal
